
Microsoft Visual Studio Solution File, Format Version 12.00
# Visual Studio Version 17
VisualStudioVersion = 17.5.33530.505
MinimumVisualStudioVersion = 10.0.40219.1
Project("{FAE04EC0-301F-11D3-BF4B-00C04F79EFBC}") = "WPF_Project", "WPF_Project\WPF_Project.csproj", "{980BF0EE-5258-4182-BAC3-8A95FEB327FF}"
EndProject
Global
	GlobalSection(SolutionConfigurationPlatforms) = preSolution
		Debug|Any CPU = Debug|Any CPU
		Release|Any CPU = Release|Any CPU
	EndGlobalSection
	GlobalSection(ProjectConfigurationPlatforms) = postSolution
		{980BF0EE-5258-4182-BAC3-8A95FEB327FF}.Debug|Any CPU.ActiveCfg = Debug|Any CPU
		{980BF0EE-5258-4182-BAC3-8A95FEB327FF}.Debug|Any CPU.Build.0 = Debug|Any CPU
		{980BF0EE-5258-4182-BAC3-8A95FEB327FF}.Release|Any CPU.ActiveCfg = Release|Any CPU
		{980BF0EE-5258-4182-BAC3-8A95FEB327FF}.Release|Any CPU.Build.0 = Release|Any CPU
	EndGlobalSection
	GlobalSection(SolutionProperties) = preSolution
		HideSolutionNode = FALSE
	EndGlobalSection
	GlobalSection(ExtensibilityGlobals) = postSolution
		SolutionGuid = {188112DF-5A5F-4016-BF38-40E962F018CD}
	EndGlobalSection
EndGlobal
